
Microsoft Visual Studio Solution File, Format Version 12.00
# Visual Studio Version 17
VisualStudioVersion = 17.11.35327.3
MinimumVisualStudioVersion = 10.0.40219.1
Project("{FAE04EC0-301F-11D3-BF4B-00C04F79EFBC}") = "API-RegisterLoginServer", "API-RegisterLoginServer\API-RegisterLoginServer.csproj", "{DF5C45B2-746C-44A6-9619-A32F93779CBB}"
EndProject
Global
	GlobalSection(SolutionConfigurationPlatforms) = preSolution
		Debug|Any CPU = Debug|Any CPU
		Release|Any CPU = Release|Any CPU
	EndGlobalSection
	GlobalSection(ProjectConfigurationPlatforms) = postSolution
		{DF5C45B2-746C-44A6-9619-A32F93779CBB}.Debug|Any CPU.ActiveCfg = Debug|Any CPU
		{DF5C45B2-746C-44A6-9619-A32F93779CBB}.Debug|Any CPU.Build.0 = Debug|Any CPU
		{DF5C45B2-746C-44A6-9619-A32F93779CBB}.Release|Any CPU.ActiveCfg = Release|Any CPU
		{DF5C45B2-746C-44A6-9619-A32F93779CBB}.Release|Any CPU.Build.0 = Release|Any CPU
	EndGlobalSection
	GlobalSection(SolutionProperties) = preSolution
		HideSolutionNode = FALSE
	EndGlobalSection
	GlobalSection(ExtensibilityGlobals) = postSolution
		SolutionGuid = {2A1AA376-EE8E-47F8-8370-4AE78EF0F2DB}
	EndGlobalSection
EndGlobal
